
Microsoft Visual Studio Solution File, Format Version 12.00
# Visual Studio Version 17
VisualStudioVersion = 17.5.002.0
MinimumVisualStudioVersion = 10.0.40219.1
Project("{9A19103F-16F7-4668-BE54-9A1E7A4F7556}") = "web_scrape_test", "web_scrape_test.csproj", "{ADE625FE-A327-44FA-AF39-CDE985EFEF14}"
EndProject
Global
	GlobalSection(SolutionConfigurationPlatforms) = preSolution
		Debug|Any CPU = Debug|Any CPU
		Release|Any CPU = Release|Any CPU
	EndGlobalSection
	GlobalSection(ProjectConfigurationPlatforms) = postSolution
		{ADE625FE-A327-44FA-AF39-CDE985EFEF14}.Debug|Any CPU.ActiveCfg = Debug|Any CPU
		{ADE625FE-A327-44FA-AF39-CDE985EFEF14}.Debug|Any CPU.Build.0 = Debug|Any CPU
		{ADE625FE-A327-44FA-AF39-CDE985EFEF14}.Release|Any CPU.ActiveCfg = Release|Any CPU
		{ADE625FE-A327-44FA-AF39-CDE985EFEF14}.Release|Any CPU.Build.0 = Release|Any CPU
	EndGlobalSection
	GlobalSection(SolutionProperties) = preSolution
		HideSolutionNode = FALSE
	EndGlobalSection
	GlobalSection(ExtensibilityGlobals) = postSolution
		SolutionGuid = {F7C9A402-900A-4B07-9AA8-C5A58CC4F9CC}
	EndGlobalSection
EndGlobal
